
Microsoft Visual Studio Solution File, Format Version 12.00
# Visual Studio Version 16
VisualStudioVersion = 16.0.29609.76
MinimumVisualStudioVersion = 10.0.40219.1
Project("{FAE04EC0-301F-11D3-BF4B-00C04F79EFBC}") = "OneTechStudentManagerService", "OneTechStudentManagerService\OneTechStudentManagerService.csproj", "{78B7C5DD-C478-44AB-9D4E-EF77654D1FCF}"
EndProject
Global
	GlobalSection(SolutionConfigurationPlatforms) = preSolution
		Debug|Any CPU = Debug|Any CPU
		Release|Any CPU = Release|Any CPU
	EndGlobalSection
	GlobalSection(ProjectConfigurationPlatforms) = postSolution
		{78B7C5DD-C478-44AB-9D4E-EF77654D1FCF}.Debug|Any CPU.ActiveCfg = Debug|Any CPU
		{78B7C5DD-C478-44AB-9D4E-EF77654D1FCF}.Debug|Any CPU.Build.0 = Debug|Any CPU
		{78B7C5DD-C478-44AB-9D4E-EF77654D1FCF}.Release|Any CPU.ActiveCfg = Release|Any CPU
		{78B7C5DD-C478-44AB-9D4E-EF77654D1FCF}.Release|Any CPU.Build.0 = Release|Any CPU
	EndGlobalSection
	GlobalSection(SolutionProperties) = preSolution
		HideSolutionNode = FALSE
	EndGlobalSection
	GlobalSection(ExtensibilityGlobals) = postSolution
		SolutionGuid = {333A41B8-7D51-4121-BF0E-9E163CFA9A06}
	EndGlobalSection
EndGlobal
